hash: c21300312d356c6bcb44b43d65bca5072a299f575b03e82c9597e4eacbe17db6
updated: 2017-07-21T02:46:05.454423666-06:00
imports:
- name: github.com/mholt/binding
  version: f53601f1387c422be7317a2b01d96b2455d2d2d6
- name: github.com/unrolled/render
  version: a0ec58421ddf111bd7efd3b7087399ca7d5da2f1
- name: github.com/zenazn/goji
  version: 64eb34159fe53473206c2b3e70fe396a639452f2
  subpackages:
  - bind
  - graceful
  - graceful/listener
  - web
  - web/middleware
  - web/mutil
testImports: []
