# This file is autogenerated, do not edit; changes may be undone by the next 'dep ensure'.


[[projects]]
  name = "github.com/mholt/binding"
  packages = ["."]
  revision = "f53601f1387c422be7317a2b01d96b2455d2d2d6"
  version = "v0.3.0"

[[projects]]
  name = "github.com/unrolled/render"
  packages = ["."]
  revision = "a0ec58421ddf111bd7efd3b7087399ca7d5da2f1"

[[projects]]
  name = "github.com/zenazn/goji"
  packages = [
    ".",
    "bind",
    "graceful",
    "graceful/listener",
    "web",
    "web/middleware",
    "web/mutil"
  ]
  revision = "64eb34159fe53473206c2b3e70fe396a639452f2"
  version = "v1.0"

[solve-meta]
  analyzer-name = "dep"
  analyzer-version = 1
  inputs-digest = "4236990e0d0ae4249de0d2f278f7efcbba5647f0e5d7998490deb2f957bdfe24"
  solver-name = "gps-cdcl"
  solver-version = 1
